
Microsoft Visual Studio Solution File, Format Version 12.00
# Visual Studio 2013
VisualStudioVersion = 12.0.21005.1
MinimumVisualStudioVersion = 10.0.40219.1
Project("{FAE04EC0-301F-11D3-BF4B-00C04F79EFBC}") = "DAL", "DAL\DAL.csproj", "{102A421D-C917-495B-83ED-422B771996C2}"
EndProject
Project("{FAE04EC0-301F-11D3-BF4B-00C04F79EFBC}") = "TestApp", "TestApp\TestApp.csproj", "{20623926-D28C-4DE2-B0AB-7CA1518F433D}"
EndProject
Global
	GlobalSection(SolutionConfigurationPlatforms) = preSolution
		Debug|Any CPU = Debug|Any CPU
		Release|Any CPU = Release|Any CPU
	EndGlobalSection
	GlobalSection(ProjectConfigurationPlatforms) = postSolution
		{102A421D-C917-495B-83ED-422B771996C2}.Debug|Any CPU.ActiveCfg = Debug|Any CPU
		{102A421D-C917-495B-83ED-422B771996C2}.Debug|Any CPU.Build.0 = Debug|Any CPU
		{102A421D-C917-495B-83ED-422B771996C2}.Release|Any CPU.ActiveCfg = Release|Any CPU
		{102A421D-C917-495B-83ED-422B771996C2}.Release|Any CPU.Build.0 = Release|Any CPU
		{20623926-D28C-4DE2-B0AB-7CA1518F433D}.Debug|Any CPU.ActiveCfg = Debug|Any CPU
		{20623926-D28C-4DE2-B0AB-7CA1518F433D}.Debug|Any CPU.Build.0 = Debug|Any CPU
		{20623926-D28C-4DE2-B0AB-7CA1518F433D}.Release|Any CPU.ActiveCfg = Release|Any CPU
		{20623926-D28C-4DE2-B0AB-7CA1518F433D}.Release|Any CPU.Build.0 = Release|Any CPU
	EndGlobalSection
	GlobalSection(SolutionProperties) = preSolution
		HideSolutionNode = FALSE
	EndGlobalSection
EndGlobal
